# This file is automatically @generated by Cargo.
# It is not intended for manual editing.
version = 3

[[package]]
name = "os"
version = "0.1.0"
dependencies = [
 "psf2",
 "utf16_lit",
]

[[package]]
name = "psf2"
version = "0.4.0"
source = "registry+https://github.com/rust-lang/crates.io-index"
checksum = "db6e6132ee58c113ff86d61c49cb934dd45b3b59971442d0f9e982e62dff5457"

[[package]]
name = "utf16_lit"
version = "2.0.2"
source = "registry+https://github.com/rust-lang/crates.io-index"
checksum = "14706d2a800ee8ff38c1d3edb873cd616971ea59eb7c0d046bb44ef59b06a1ae"
